// !$*UTF8*$!
{
	archiveVersion = 1;
	classes = {
	};
	objectVersion = 46;
	objects = {

/* Begin PBXBuildFile section */
		4609FEEC147CBE6C00464E4C /* UIKit.framework in Frameworks */ = {isa = PBXBuildFile; fileRef = 4609FEEB147CBE6C00464E4C /* UIKit.framework */; };
		4609FEEE147CBE6C00464E4C /* Foundation.framework in Frameworks */ = {isa = PBXBuildFile; fileRef = 4609FEED147CBE6C00464E4C /* Foundation.framework */; };
		4609FEF0147CBE6C00464E4C /* CoreGraphics.framework in Frameworks */ = {isa = PBXBuildFile; fileRef = 4609FEEF147CBE6C00464E4C /* CoreGraphics.framework */; };
		4609FEF6147CBE6C00464E4C /* InfoPlist.strings in Resources */ = {isa = PBXBuildFile; fileRef = 4609FEF4147CBE6C00464E4C /* InfoPlist.strings */; };
		4609FEF8147CBE6C00464E4C /* main.m in Sources */ = {isa = PBXBuildFile; fileRef = 4609FEF7147CBE6C00464E4C /* main.m */; };
		4609FEFC147CBE6C00464E4C /* AppDelegate.m in Sources */ = {isa = PBXBuildFile; fileRef = 4609FEFB147CBE6C00464E4C /* AppDelegate.m */; };
		4609FF04147CBE7D00464E4C /* NoDoubleTapWebView.m in Sources */ = {isa = PBXBuildFile; fileRef = 4609FF03147CBE7D00464E4C /* NoDoubleTapWebView.m */; };
/* End PBXBuildFile section */

/* Begin PBXFileReference section */
		4609FEE7147CBE6C00464E4C /* NoDoubleTapWebView.app */ = {isa = PBXFileReference; explicitFileType = wrapper.application; includeInIndex = 0; path = NoDoubleTapWebView.app; sourceTree = BUILT_PRODUCTS_DIR; };
		4609FEEB147CBE6C00464E4C /* UIKit.framework */ = {isa = PBXFileReference; lastKnownFileType = wrapper.framework; name = UIKit.framework; path = System/Library/Frameworks/UIKit.framework; sourceTree = SDKROOT; };
		4609FEED147CBE6C00464E4C /* Foundation.framework */ = {isa = PBXFileReference; lastKnownFileType = wrapper.framework; name = Foundation.framework; path = System/Library/Frameworks/Foundation.framework; sourceTree = SDKROOT; };
		4609FEEF147CBE6C00464E4C /* CoreGraphics.framework */ = {isa = PBXFileReference; lastKnownFileType = wrapper.framework; name = CoreGraphics.framework; path = System/Library/Frameworks/CoreGraphics.framework; sourceTree = SDKROOT; };
		4609FEF3147CBE6C00464E4C /* NoDoubleTapWebView-Info.plist */ = {isa = PBXFileReference; lastKnownFileType = text.plist.xml; path = "NoDoubleTapWebView-Info.plist"; sourceTree = "<group>"; };
		4609FEF5147CBE6C00464E4C /* en */ = {isa = PBXFileReference; lastKnownFileType = text.plist.strings; name = en; path = en.lproj/InfoPlist.strings; sourceTree = "<group>"; };
		4609FEF7147CBE6C00464E4C /* main.m */ = {isa = PBXFileReference; lastKnownFileType = sourcecode.c.objc; path = main.m; sourceTree = "<group>"; };
		4609FEF9147CBE6C00464E4C /* NoDoubleTapWebView-Prefix.pch */ = {isa = PBXFileReference; lastKnownFileType = sourcecode.c.h; path = "NoDoubleTapWebView-Prefix.pch"; sourceTree = "<group>"; };
		4609FEFA147CBE6C00464E4C /* AppDelegate.h */ = {isa = PBXFileReference; lastKnownFileType = sourcecode.c.h; path = AppDelegate.h; sourceTree = "<group>"; };
		4609FEFB147CBE6C00464E4C /* AppDelegate.m */ = {isa = PBXFileReference; lastKnownFileType = sourcecode.c.objc; path = AppDelegate.m; sourceTree = "<group>"; };
		4609FF02147CBE7D00464E4C /* NoDoubleTapWebView.h */ = {isa = PBXFileReference; fileEncoding = 4; lastKnownFileType = sourcecode.c.h; path = NoDoubleTapWebView.h; sourceTree = "<group>"; };
		4609FF03147CBE7D00464E4C /* NoDoubleTapWebView.m */ = {isa = PBXFileReference; fileEncoding = 4; lastKnownFileType = sourcecode.c.objc; path = NoDoubleTapWebView.m; sourceTree = "<group>"; };
/* End PBXFileReference section */

/* Begin PBXFrameworksBuildPhase section */
		4609FEE4147CBE6C00464E4C /* Frameworks */ = {
			isa = PBXFrameworksBuildPhase;
			buildActionMask = 2147483647;
			files = (
				4609FEEC147CBE6C00464E4C /* UIKit.framework in Frameworks */,
				4609FEEE147CBE6C00464E4C /* Foundation.framework in Frameworks */,
				4609FEF0147CBE6C00464E4C /* CoreGraphics.framework in Frameworks */,
			);
			runOnlyForDeploymentPostprocessing = 0;
		};
/* End PBXFrameworksBuildPhase section */

/* Begin PBXGroup section */
		4609FEDC147CBE6C00464E4C = {
			isa = PBXGroup;
			children = (
				4609FEF1147CBE6C00464E4C /* NoDoubleTapWebView */,
				4609FEEA147CBE6C00464E4C /* Frameworks */,
				4609FEE8147CBE6C00464E4C /* Products */,
			);
			sourceTree = "<group>";
		};
		4609FEE8147CBE6C00464E4C /* Products */ = {
			isa = PBXGroup;
			children = (
				4609FEE7147CBE6C00464E4C /* NoDoubleTapWebView.app */,
			);
			name = Products;
			sourceTree = "<group>";
		};
		4609FEEA147CBE6C00464E4C /* Frameworks */ = {
			isa = PBXGroup;
			children = (
				4609FEEB147CBE6C00464E4C /* UIKit.framework */,
				4609FEED147CBE6C00464E4C /* Foundation.framework */,
				4609FEEF147CBE6C00464E4C /* CoreGraphics.framework */,
			);
			name = Frameworks;
			sourceTree = "<group>";
		};
		4609FEF1147CBE6C00464E4C /* NoDoubleTapWebView */ = {
			isa = PBXGroup;
			children = (
				4609FEFA147CBE6C00464E4C /* AppDelegate.h */,
				4609FEFB147CBE6C00464E4C /* AppDelegate.m */,
				4609FEF2147CBE6C00464E4C /* Supporting Files */,
				4609FF02147CBE7D00464E4C /* NoDoubleTapWebView.h */,
				4609FF03147CBE7D00464E4C /* NoDoubleTapWebView.m */,
			);
			path = NoDoubleTapWebView;
			sourceTree = "<group>";
		};
		4609FEF2147CBE6C00464E4C /* Supporting Files */ = {
			isa = PBXGroup;
			children = (
				4609FEF3147CBE6C00464E4C /* NoDoubleTapWebView-Info.plist */,
				4609FEF4147CBE6C00464E4C /* InfoPlist.strings */,
				4609FEF7147CBE6C00464E4C /* main.m */,
				4609FEF9147CBE6C00464E4C /* NoDoubleTapWebView-Prefix.pch */,
			);
			name = "Supporting Files";
			sourceTree = "<group>";
		};
/* End PBXGroup section */

/* Begin PBXNativeTarget section */
		4609FEE6147CBE6C00464E4C /* NoDoubleTapWebView */ = {
			isa = PBXNativeTarget;
			buildConfigurationList = 4609FEFF147CBE6C00464E4C /* Build configuration list for PBXNativeTarget "NoDoubleTapWebView" */;
			buildPhases = (
				4609FEE3147CBE6C00464E4C /* Sources */,
				4609FEE4147CBE6C00464E4C /* Frameworks */,
				4609FEE5147CBE6C00464E4C /* Resources */,
			);
			buildRules = (
			);
			dependencies = (
			);
			name = NoDoubleTapWebView;
			productName = NoDoubleTapWebView;
			productReference = 4609FEE7147CBE6C00464E4C /* NoDoubleTapWebView.app */;
			productType = "com.apple.product-type.application";
		};
/* End PBXNativeTarget section */

/* Begin PBXProject section */
		4609FEDE147CBE6C00464E4C /* Project object */ = {
			isa = PBXProject;
			attributes = {
				LastUpgradeCheck = 0420;
				ORGANIZATIONNAME = DEV;
			};
			buildConfigurationList = 4609FEE1147CBE6C00464E4C /* Build configuration list for PBXProject "NoDoubleTapWebView" */;
			compatibilityVersion = "Xcode 3.2";
			developmentRegion = English;
			hasScannedForEncodings = 0;
			knownRegions = (
				en,
			);
			mainGroup = 4609FEDC147CBE6C00464E4C;
			productRefGroup = 4609FEE8147CBE6C00464E4C /* Products */;
			projectDirPath = "";
			projectRoot = "";
			targets = (
				4609FEE6147CBE6C00464E4C /* NoDoubleTapWebView */,
			);
		};
/* End PBXProject section */

/* Begin PBXResourcesBuildPhase section */
		4609FEE5147CBE6C00464E4C /* Resources */ = {
			isa = PBXResourcesBuildPhase;
			buildActionMask = 2147483647;
			files = (
				4609FEF6147CBE6C00464E4C /* InfoPlist.strings in Resources */,
			);
			runOnlyForDeploymentPostprocessing = 0;
		};
/* End PBXResourcesBuildPhase section */

/* Begin PBXSourcesBuildPhase section */
		4609FEE3147CBE6C00464E4C /* Sources */ = {
			isa = PBXSourcesBuildPhase;
			buildActionMask = 2147483647;
			files = (
				4609FEF8147CBE6C00464E4C /* main.m in Sources */,
				4609FEFC147CBE6C00464E4C /* AppDelegate.m in Sources */,
				4609FF04147CBE7D00464E4C /* NoDoubleTapWebView.m in Sources */,
			);
			runOnlyForDeploymentPostprocessing = 0;
		};
/* End PBXSourcesBuildPhase section */

/* Begin PBXVariantGroup section */
		4609FEF4147CBE6C00464E4C /* InfoPlist.strings */ = {
			isa = PBXVariantGroup;
			children = (
				4609FEF5147CBE6C00464E4C /* en */,
			);
			name = InfoPlist.strings;
			sourceTree = "<group>";
		};
/* End PBXVariantGroup section */

/* Begin XCBuildConfiguration section */
		4609FEFD147CBE6C00464E4C /* Debug */ = {
			isa = XCBuildConfiguration;
			buildSettings = {
				ALWAYS_SEARCH_USER_PATHS = NO;
				ARCHS = "$(ARCHS_STANDARD_32_BIT)";
				"CODE_SIGN_IDENTITY[sdk=iphoneos*]" = "iPhone Developer";
				COPY_PHASE_STRIP = NO;
				GCC_C_LANGUAGE_STANDARD = gnu99;
				GCC_DYNAMIC_NO_PIC = NO;
				GCC_OPTIMIZATION_LEVEL = 0;
				GCC_PREPROCESSOR_DEFINITIONS = (
					"DEBUG=1",
					"$(inherited)",
				);
				GCC_SYMBOLS_PRIVATE_EXTERN = NO;
				GCC_VERSION = com.apple.compilers.llvm.clang.1_0;
				GCC_WARN_ABOUT_MISSING_PROTOTYPES = YES;
				GCC_WARN_ABOUT_RETURN_TYPE = YES;
				GCC_WARN_UNUSED_VARIABLE = YES;
				IPHONEOS_DEPLOYMENT_TARGET = 5.0;
				SDKROOT = iphoneos;
			};
			name = Debug;
		};
		4609FEFE147CBE6C00464E4C /* Release */ = {
			isa = XCBuildConfiguration;
			buildSettings = {
				ALWAYS_SEARCH_USER_PATHS = NO;
				ARCHS = "$(ARCHS_STANDARD_32_BIT)";
				"CODE_SIGN_IDENTITY[sdk=iphoneos*]" = "iPhone Developer";
				COPY_PHASE_STRIP = YES;
				GCC_C_LANGUAGE_STANDARD = gnu99;
				GCC_VERSION = com.apple.compilers.llvm.clang.1_0;
				GCC_WARN_ABOUT_MISSING_PROTOTYPES = YES;
				GCC_WARN_ABOUT_RETURN_TYPE = YES;
				GCC_WARN_UNUSED_VARIABLE = YES;
				IPHONEOS_DEPLOYMENT_TARGET = 5.0;
				OTHER_CFLAGS = "-DNS_BLOCK_ASSERTIONS=1";
				SDKROOT = iphoneos;
				VALIDATE_PRODUCT = YES;
			};
			name = Release;
		};
		4609FF00147CBE6C00464E4C /* Debug */ = {
			isa = XCBuildConfiguration;
			buildSettings = {
				GCC_PRECOMPILE_PREFIX_HEADER = YES;
				GCC_PREFIX_HEADER = "NoDoubleTapWebView/NoDoubleTapWebView-Prefix.pch";
				INFOPLIST_FILE = "NoDoubleTapWebView/NoDoubleTapWebView-Info.plist";
				IPHONEOS_DEPLOYMENT_TARGET = 4.3;
				PRODUCT_NAME = "$(TARGET_NAME)";
				SDKROOT = iphoneos4.3;
				WRAPPER_EXTENSION = app;
			};
			name = Debug;
		};
		4609FF01147CBE6C00464E4C /* Release */ = {
			isa = XCBuildConfiguration;
			buildSettings = {
				GCC_PRECOMPILE_PREFIX_HEADER = YES;
				GCC_PREFIX_HEADER = "NoDoubleTapWebView/NoDoubleTapWebView-Prefix.pch";
				INFOPLIST_FILE = "NoDoubleTapWebView/NoDoubleTapWebView-Info.plist";
				IPHONEOS_DEPLOYMENT_TARGET = 4.3;
				PRODUCT_NAME = "$(TARGET_NAME)";
				SDKROOT = iphoneos4.3;
				WRAPPER_EXTENSION = app;
			};
			name = Release;
		};
/* End XCBuildConfiguration section */

/* Begin XCConfigurationList section */
		4609FEE1147CBE6C00464E4C /* Build configuration list for PBXProject "NoDoubleTapWebView" */ = {
			isa = XCConfigurationList;
			buildConfigurations = (
				4609FEFD147CBE6C00464E4C /* Debug */,
				4609FEFE147CBE6C00464E4C /* Release */,
			);
			defaultConfigurationIsVisible = 0;
			defaultConfigurationName = Release;
		};
		4609FEFF147CBE6C00464E4C /* Build configuration list for PBXNativeTarget "NoDoubleTapWebView" */ = {
			isa = XCConfigurationList;
			buildConfigurations = (
				4609FF00147CBE6C00464E4C /* Debug */,
				4609FF01147CBE6C00464E4C /* Release */,
			);
			defaultConfigurationIsVisible = 0;
		};
/* End XCConfigurationList section */
	};
	rootObject = 4609FEDE147CBE6C00464E4C /* Project object */;
}
